
Microsoft Visual Studio Solution File, Format Version 12.00
# Visual Studio Version 17
VisualStudioVersion = 17.13.35806.99
MinimumVisualStudioVersion = 10.0.40219.1
Project("{FAE04EC0-301F-11D3-BF4B-00C04F79EFBC}") = "eCommerceApp.Domain", "eCommerceApp.Domain\eCommerceApp.Domain.csproj", "{A45068AD-C4EB-4568-823A-67DDCB7F01D7}"
EndProject
Project("{FAE04EC0-301F-11D3-BF4B-00C04F79EFBC}") = "eCommerceApp.Infastructrur", "eCommerceApp.Infastructrur\eCommerceApp.Infastructrur.csproj", "{947A0F8E-EC09-4C71-B434-FC1F9C5C202F}"
EndProject
Project("{FAE04EC0-301F-11D3-BF4B-00C04F79EFBC}") = "eCommerceapp.Application", "eCommerceapp.Host\eCommerceapp.Application.csproj", "{2D02E466-16E5-46F5-A91A-DDB475E300D1}"
EndProject
Project("{FAE04EC0-301F-11D3-BF4B-00C04F79EFBC}") = "eCommerceApp.Hosts", "eCommerceApp.Hosts\eCommerceApp.Hosts.csproj", "{9AABED00-2E68-4A6A-AD16-6688062F1A2D}"
EndProject
Global
	GlobalSection(SolutionConfigurationPlatforms) = preSolution
		Debug|Any CPU = Debug|Any CPU
		Release|Any CPU = Release|Any CPU
	EndGlobalSection
	GlobalSection(ProjectConfigurationPlatforms) = postSolution
		{A45068AD-C4EB-4568-823A-67DDCB7F01D7}.Debug|Any CPU.ActiveCfg = Debug|Any CPU
		{A45068AD-C4EB-4568-823A-67DDCB7F01D7}.Debug|Any CPU.Build.0 = Debug|Any CPU
		{A45068AD-C4EB-4568-823A-67DDCB7F01D7}.Release|Any CPU.ActiveCfg = Release|Any CPU
		{A45068AD-C4EB-4568-823A-67DDCB7F01D7}.Release|Any CPU.Build.0 = Release|Any CPU
		{947A0F8E-EC09-4C71-B434-FC1F9C5C202F}.Debug|Any CPU.ActiveCfg = Debug|Any CPU
		{947A0F8E-EC09-4C71-B434-FC1F9C5C202F}.Debug|Any CPU.Build.0 = Debug|Any CPU
		{947A0F8E-EC09-4C71-B434-FC1F9C5C202F}.Release|Any CPU.ActiveCfg = Release|Any CPU
		{947A0F8E-EC09-4C71-B434-FC1F9C5C202F}.Release|Any CPU.Build.0 = Release|Any CPU
		{2D02E466-16E5-46F5-A91A-DDB475E300D1}.Debug|Any CPU.ActiveCfg = Debug|Any CPU
		{2D02E466-16E5-46F5-A91A-DDB475E300D1}.Debug|Any CPU.Build.0 = Debug|Any CPU
		{2D02E466-16E5-46F5-A91A-DDB475E300D1}.Release|Any CPU.ActiveCfg = Release|Any CPU
		{2D02E466-16E5-46F5-A91A-DDB475E300D1}.Release|Any CPU.Build.0 = Release|Any CPU
		{9AABED00-2E68-4A6A-AD16-6688062F1A2D}.Debug|Any CPU.ActiveCfg = Debug|Any CPU
		{9AABED00-2E68-4A6A-AD16-6688062F1A2D}.Debug|Any CPU.Build.0 = Debug|Any CPU
		{9AABED00-2E68-4A6A-AD16-6688062F1A2D}.Release|Any CPU.ActiveCfg = Release|Any CPU
		{9AABED00-2E68-4A6A-AD16-6688062F1A2D}.Release|Any CPU.Build.0 = Release|Any CPU
	EndGlobalSection
	GlobalSection(SolutionProperties) = preSolution
		HideSolutionNode = FALSE
	EndGlobalSection
	GlobalSection(ExtensibilityGlobals) = postSolution
		SolutionGuid = {7E589CA4-D007-43B5-8851-A32987BB16E3}
	EndGlobalSection
EndGlobal
